{
  "name": "Sigcore",
  "lockfileVersion": 3,
  "requires": true,
  "packages": {
    "": {
      "dependencies": {
        "@geos/loghub-client": "github:goscha01/geos-loghub-client"
      }
    },
    "node_modules/@geos/loghub-client": {
      "version": "0.2.0",
      "resolved": "git+ssh://git@github.com/goscha01/geos-loghub-client.git#837f323339017ecc5bcf1d51615ff9f4ed3a349e"
    }
  }
}
